
Microsoft Visual Studio Solution File, Format Version 12.00
# Visual Studio Version 17
VisualStudioVersion = 17.4.33403.182
MinimumVisualStudioVersion = 10.0.40219.1
Project("{9A19103F-16F7-4668-BE54-9A1E7A4F7556}") = "MALM WinDesktop", "WinDesktop\MALM WinDesktop.csproj", "{84341386-62AB-4042-AC5F-A80DCEA0A2F4}"
EndProject
Project("{9A19103F-16F7-4668-BE54-9A1E7A4F7556}") = "MALM MAUI", "MAUI\MALM MAUI.csproj", "{ABFF7288-7608-4BDE-A4C9-54FA7816D2BE}"
EndProject
Project("{2150E333-8FDC-42A3-9474-1A3956D46DE8}") = "CommonMP", "CommonMP", "{9786A824-BA0A-48D2-B1D6-8E83F98D5253}"
EndProject
Project("{9A19103F-16F7-4668-BE54-9A1E7A4F7556}") = "Mikrotik.Net", "..\..\_LIB\CS_UOM\Network\Mikrotik\MikrotikDotNet\MDN_Git\Mikrotik.Net\Mikrotik.Net.csproj", "{F5C5251B-3991-41AE-A8E4-14E50505B66F}"
EndProject
Global
	GlobalSection(SolutionConfigurationPlatforms) = preSolution
		Debug|Any CPU = Debug|Any CPU
		Release|Any CPU = Release|Any CPU
	EndGlobalSection
	GlobalSection(ProjectConfigurationPlatforms) = postSolution
		{84341386-62AB-4042-AC5F-A80DCEA0A2F4}.Debug|Any CPU.ActiveCfg = Debug|Any CPU
		{84341386-62AB-4042-AC5F-A80DCEA0A2F4}.Debug|Any CPU.Build.0 = Debug|Any CPU
		{84341386-62AB-4042-AC5F-A80DCEA0A2F4}.Release|Any CPU.ActiveCfg = Release|Any CPU
		{84341386-62AB-4042-AC5F-A80DCEA0A2F4}.Release|Any CPU.Build.0 = Release|Any CPU
		{ABFF7288-7608-4BDE-A4C9-54FA7816D2BE}.Debug|Any CPU.ActiveCfg = Debug|Any CPU
		{ABFF7288-7608-4BDE-A4C9-54FA7816D2BE}.Debug|Any CPU.Build.0 = Debug|Any CPU
		{ABFF7288-7608-4BDE-A4C9-54FA7816D2BE}.Debug|Any CPU.Deploy.0 = Debug|Any CPU
		{ABFF7288-7608-4BDE-A4C9-54FA7816D2BE}.Release|Any CPU.ActiveCfg = Release|Any CPU
		{ABFF7288-7608-4BDE-A4C9-54FA7816D2BE}.Release|Any CPU.Build.0 = Release|Any CPU
		{ABFF7288-7608-4BDE-A4C9-54FA7816D2BE}.Release|Any CPU.Deploy.0 = Release|Any CPU
		{F5C5251B-3991-41AE-A8E4-14E50505B66F}.Debug|Any CPU.ActiveCfg = Debug|Any CPU
		{F5C5251B-3991-41AE-A8E4-14E50505B66F}.Debug|Any CPU.Build.0 = Debug|Any CPU
		{F5C5251B-3991-41AE-A8E4-14E50505B66F}.Release|Any CPU.ActiveCfg = Release|Any CPU
		{F5C5251B-3991-41AE-A8E4-14E50505B66F}.Release|Any CPU.Build.0 = Release|Any CPU
	EndGlobalSection
	GlobalSection(SolutionProperties) = preSolution
		HideSolutionNode = FALSE
	EndGlobalSection
	GlobalSection(ExtensibilityGlobals) = postSolution
		SolutionGuid = {19A1F6E8-4FA2-4D40-981C-AC58A628EA15}
	EndGlobalSection
EndGlobal
